
Microsoft Visual Studio Solution File, Format Version 12.00
# Visual Studio 15
VisualStudioVersion = 15.0.26124.0
MinimumVisualStudioVersion = 15.0.26124.0
Project("{2150E333-8FDC-42A3-9474-1A3956D46DE8}") = "src", "src", "{346FD9C6-4C32-4026-A6CB-77583958FA9B}"
EndProject
Project("{FAE04EC0-301F-11D3-BF4B-00C04F79EFBC}") = "Infrastructure", "src\Infrastructure\Infrastructure.csproj", "{10E0AF9D-A7DB-44CE-B8E6-86406CEBF50D}"
EndProject
Project("{2150E333-8FDC-42A3-9474-1A3956D46DE8}") = "Functions", "Functions", "{ACC7349D-2E2F-47D5-BF52-75181D96BEE6}"
EndProject
Project("{FAE04EC0-301F-11D3-BF4B-00C04F79EFBC}") = "CreateNote", "src\Functions\CreateNote\CreateNote.csproj", "{749EA4D7-B995-4108-ABE5-863D2FEF4B04}"
EndProject
Project("{FAE04EC0-301F-11D3-BF4B-00C04F79EFBC}") = "ListNotes", "src\Functions\ListNotes\ListNotes.csproj", "{A8DE5018-B7E9-4FAB-B49F-4E8FBCC6E194}"
EndProject
Project("{FAE04EC0-301F-11D3-BF4B-00C04F79EFBC}") = "GetNote", "src\Functions\GetNote\GetNote.csproj", "{A08D43DA-9BAC-4D97-BA84-544A30E0C52E}"
EndProject
Project("{2150E333-8FDC-42A3-9474-1A3956D46DE8}") = "tests", "tests", "{1289E0BB-A02D-4C8D-8A30-92AF2852FFD0}"
EndProject
Project("{2150E333-8FDC-42A3-9474-1A3956D46DE8}") = "Functions.Tests", "Functions.Tests", "{E7D419F7-39B8-4967-9F9A-4FDE89A92622}"
EndProject
Project("{FAE04EC0-301F-11D3-BF4B-00C04F79EFBC}") = "ListNotes.Tests", "tests\Functions.Tests\ListNotes.Tests\ListNotes.Tests.csproj", "{04A596DA-BB22-427C-9B9A-3EA91284D169}"
EndProject
Project("{FAE04EC0-301F-11D3-BF4B-00C04F79EFBC}") = "GetNote.Tests", "tests\Functions.Tests\GetNote.Tests\GetNote.Tests.csproj", "{8DB00FCD-89E1-40FA-99CA-BC1B86A8BA7E}"
EndProject
Project("{FAE04EC0-301F-11D3-BF4B-00C04F79EFBC}") = "Shared", "src\Shared\Shared.csproj", "{63BD168B-077D-4D64-B5B4-F30184AD354F}"
EndProject
Global
	GlobalSection(SolutionConfigurationPlatforms) = preSolution
		Debug|Any CPU = Debug|Any CPU
		Debug|x64 = Debug|x64
		Debug|x86 = Debug|x86
		Release|Any CPU = Release|Any CPU
		Release|x64 = Release|x64
		Release|x86 = Release|x86
	EndGlobalSection
	GlobalSection(SolutionProperties) = preSolution
		HideSolutionNode = FALSE
	EndGlobalSection
	GlobalSection(ProjectConfigurationPlatforms) = postSolution
		{10E0AF9D-A7DB-44CE-B8E6-86406CEBF50D}.Debug|Any CPU.ActiveCfg = Debug|Any CPU
		{10E0AF9D-A7DB-44CE-B8E6-86406CEBF50D}.Debug|Any CPU.Build.0 = Debug|Any CPU
		{10E0AF9D-A7DB-44CE-B8E6-86406CEBF50D}.Debug|x64.ActiveCfg = Debug|Any CPU
		{10E0AF9D-A7DB-44CE-B8E6-86406CEBF50D}.Debug|x64.Build.0 = Debug|Any CPU
		{10E0AF9D-A7DB-44CE-B8E6-86406CEBF50D}.Debug|x86.ActiveCfg = Debug|Any CPU
		{10E0AF9D-A7DB-44CE-B8E6-86406CEBF50D}.Debug|x86.Build.0 = Debug|Any CPU
		{10E0AF9D-A7DB-44CE-B8E6-86406CEBF50D}.Release|Any CPU.ActiveCfg = Release|Any CPU
		{10E0AF9D-A7DB-44CE-B8E6-86406CEBF50D}.Release|Any CPU.Build.0 = Release|Any CPU
		{10E0AF9D-A7DB-44CE-B8E6-86406CEBF50D}.Release|x64.ActiveCfg = Release|Any CPU
		{10E0AF9D-A7DB-44CE-B8E6-86406CEBF50D}.Release|x64.Build.0 = Release|Any CPU
		{10E0AF9D-A7DB-44CE-B8E6-86406CEBF50D}.Release|x86.ActiveCfg = Release|Any CPU
		{10E0AF9D-A7DB-44CE-B8E6-86406CEBF50D}.Release|x86.Build.0 = Release|Any CPU
		{749EA4D7-B995-4108-ABE5-863D2FEF4B04}.Debug|Any CPU.ActiveCfg = Debug|Any CPU
		{749EA4D7-B995-4108-ABE5-863D2FEF4B04}.Debug|Any CPU.Build.0 = Debug|Any CPU
		{749EA4D7-B995-4108-ABE5-863D2FEF4B04}.Debug|x64.ActiveCfg = Debug|Any CPU
		{749EA4D7-B995-4108-ABE5-863D2FEF4B04}.Debug|x64.Build.0 = Debug|Any CPU
		{749EA4D7-B995-4108-ABE5-863D2FEF4B04}.Debug|x86.ActiveCfg = Debug|Any CPU
		{749EA4D7-B995-4108-ABE5-863D2FEF4B04}.Debug|x86.Build.0 = Debug|Any CPU
		{749EA4D7-B995-4108-ABE5-863D2FEF4B04}.Release|Any CPU.ActiveCfg = Release|Any CPU
		{749EA4D7-B995-4108-ABE5-863D2FEF4B04}.Release|Any CPU.Build.0 = Release|Any CPU
		{749EA4D7-B995-4108-ABE5-863D2FEF4B04}.Release|x64.ActiveCfg = Release|Any CPU
		{749EA4D7-B995-4108-ABE5-863D2FEF4B04}.Release|x64.Build.0 = Release|Any CPU
		{749EA4D7-B995-4108-ABE5-863D2FEF4B04}.Release|x86.ActiveCfg = Release|Any CPU
		{749EA4D7-B995-4108-ABE5-863D2FEF4B04}.Release|x86.Build.0 = Release|Any CPU
		{A8DE5018-B7E9-4FAB-B49F-4E8FBCC6E194}.Debug|Any CPU.ActiveCfg = Debug|Any CPU
		{A8DE5018-B7E9-4FAB-B49F-4E8FBCC6E194}.Debug|Any CPU.Build.0 = Debug|Any CPU
		{A8DE5018-B7E9-4FAB-B49F-4E8FBCC6E194}.Debug|x64.ActiveCfg = Debug|Any CPU
		{A8DE5018-B7E9-4FAB-B49F-4E8FBCC6E194}.Debug|x64.Build.0 = Debug|Any CPU
		{A8DE5018-B7E9-4FAB-B49F-4E8FBCC6E194}.Debug|x86.ActiveCfg = Debug|Any CPU
		{A8DE5018-B7E9-4FAB-B49F-4E8FBCC6E194}.Debug|x86.Build.0 = Debug|Any CPU
		{A8DE5018-B7E9-4FAB-B49F-4E8FBCC6E194}.Release|Any CPU.ActiveCfg = Release|Any CPU
		{A8DE5018-B7E9-4FAB-B49F-4E8FBCC6E194}.Release|Any CPU.Build.0 = Release|Any CPU
		{A8DE5018-B7E9-4FAB-B49F-4E8FBCC6E194}.Release|x64.ActiveCfg = Release|Any CPU
		{A8DE5018-B7E9-4FAB-B49F-4E8FBCC6E194}.Release|x64.Build.0 = Release|Any CPU
		{A8DE5018-B7E9-4FAB-B49F-4E8FBCC6E194}.Release|x86.ActiveCfg = Release|Any CPU
		{A8DE5018-B7E9-4FAB-B49F-4E8FBCC6E194}.Release|x86.Build.0 = Release|Any CPU
		{A08D43DA-9BAC-4D97-BA84-544A30E0C52E}.Debug|Any CPU.ActiveCfg = Debug|Any CPU
		{A08D43DA-9BAC-4D97-BA84-544A30E0C52E}.Debug|Any CPU.Build.0 = Debug|Any CPU
		{A08D43DA-9BAC-4D97-BA84-544A30E0C52E}.Debug|x64.ActiveCfg = Debug|Any CPU
		{A08D43DA-9BAC-4D97-BA84-544A30E0C52E}.Debug|x64.Build.0 = Debug|Any CPU
		{A08D43DA-9BAC-4D97-BA84-544A30E0C52E}.Debug|x86.ActiveCfg = Debug|Any CPU
		{A08D43DA-9BAC-4D97-BA84-544A30E0C52E}.Debug|x86.Build.0 = Debug|Any CPU
		{A08D43DA-9BAC-4D97-BA84-544A30E0C52E}.Release|Any CPU.ActiveCfg = Release|Any CPU
		{A08D43DA-9BAC-4D97-BA84-544A30E0C52E}.Release|Any CPU.Build.0 = Release|Any CPU
		{A08D43DA-9BAC-4D97-BA84-544A30E0C52E}.Release|x64.ActiveCfg = Release|Any CPU
		{A08D43DA-9BAC-4D97-BA84-544A30E0C52E}.Release|x64.Build.0 = Release|Any CPU
		{A08D43DA-9BAC-4D97-BA84-544A30E0C52E}.Release|x86.ActiveCfg = Release|Any CPU
		{A08D43DA-9BAC-4D97-BA84-544A30E0C52E}.Release|x86.Build.0 = Release|Any CPU
		{04A596DA-BB22-427C-9B9A-3EA91284D169}.Debug|Any CPU.ActiveCfg = Debug|Any CPU
		{04A596DA-BB22-427C-9B9A-3EA91284D169}.Debug|Any CPU.Build.0 = Debug|Any CPU
		{04A596DA-BB22-427C-9B9A-3EA91284D169}.Debug|x64.ActiveCfg = Debug|Any CPU
		{04A596DA-BB22-427C-9B9A-3EA91284D169}.Debug|x64.Build.0 = Debug|Any CPU
		{04A596DA-BB22-427C-9B9A-3EA91284D169}.Debug|x86.ActiveCfg = Debug|Any CPU
		{04A596DA-BB22-427C-9B9A-3EA91284D169}.Debug|x86.Build.0 = Debug|Any CPU
		{04A596DA-BB22-427C-9B9A-3EA91284D169}.Release|Any CPU.ActiveCfg = Release|Any CPU
		{04A596DA-BB22-427C-9B9A-3EA91284D169}.Release|Any CPU.Build.0 = Release|Any CPU
		{04A596DA-BB22-427C-9B9A-3EA91284D169}.Release|x64.ActiveCfg = Release|Any CPU
		{04A596DA-BB22-427C-9B9A-3EA91284D169}.Release|x64.Build.0 = Release|Any CPU
		{04A596DA-BB22-427C-9B9A-3EA91284D169}.Release|x86.ActiveCfg = Release|Any CPU
		{04A596DA-BB22-427C-9B9A-3EA91284D169}.Release|x86.Build.0 = Release|Any CPU
		{8DB00FCD-89E1-40FA-99CA-BC1B86A8BA7E}.Debug|Any CPU.ActiveCfg = Debug|Any CPU
		{8DB00FCD-89E1-40FA-99CA-BC1B86A8BA7E}.Debug|Any CPU.Build.0 = Debug|Any CPU
		{8DB00FCD-89E1-40FA-99CA-BC1B86A8BA7E}.Debug|x64.ActiveCfg = Debug|Any CPU
		{8DB00FCD-89E1-40FA-99CA-BC1B86A8BA7E}.Debug|x64.Build.0 = Debug|Any CPU
		{8DB00FCD-89E1-40FA-99CA-BC1B86A8BA7E}.Debug|x86.ActiveCfg = Debug|Any CPU
		{8DB00FCD-89E1-40FA-99CA-BC1B86A8BA7E}.Debug|x86.Build.0 = Debug|Any CPU
		{8DB00FCD-89E1-40FA-99CA-BC1B86A8BA7E}.Release|Any CPU.ActiveCfg = Release|Any CPU
		{8DB00FCD-89E1-40FA-99CA-BC1B86A8BA7E}.Release|Any CPU.Build.0 = Release|Any CPU
		{8DB00FCD-89E1-40FA-99CA-BC1B86A8BA7E}.Release|x64.ActiveCfg = Release|Any CPU
		{8DB00FCD-89E1-40FA-99CA-BC1B86A8BA7E}.Release|x64.Build.0 = Release|Any CPU
		{8DB00FCD-89E1-40FA-99CA-BC1B86A8BA7E}.Release|x86.ActiveCfg = Release|Any CPU
		{8DB00FCD-89E1-40FA-99CA-BC1B86A8BA7E}.Release|x86.Build.0 = Release|Any CPU
		{63BD168B-077D-4D64-B5B4-F30184AD354F}.Debug|Any CPU.ActiveCfg = Debug|Any CPU
		{63BD168B-077D-4D64-B5B4-F30184AD354F}.Debug|Any CPU.Build.0 = Debug|Any CPU
		{63BD168B-077D-4D64-B5B4-F30184AD354F}.Debug|x64.ActiveCfg = Debug|Any CPU
		{63BD168B-077D-4D64-B5B4-F30184AD354F}.Debug|x64.Build.0 = Debug|Any CPU
		{63BD168B-077D-4D64-B5B4-F30184AD354F}.Debug|x86.ActiveCfg = Debug|Any CPU
		{63BD168B-077D-4D64-B5B4-F30184AD354F}.Debug|x86.Build.0 = Debug|Any CPU
		{63BD168B-077D-4D64-B5B4-F30184AD354F}.Release|Any CPU.ActiveCfg = Release|Any CPU
		{63BD168B-077D-4D64-B5B4-F30184AD354F}.Release|Any CPU.Build.0 = Release|Any CPU
		{63BD168B-077D-4D64-B5B4-F30184AD354F}.Release|x64.ActiveCfg = Release|Any CPU
		{63BD168B-077D-4D64-B5B4-F30184AD354F}.Release|x64.Build.0 = Release|Any CPU
		{63BD168B-077D-4D64-B5B4-F30184AD354F}.Release|x86.ActiveCfg = Release|Any CPU
		{63BD168B-077D-4D64-B5B4-F30184AD354F}.Release|x86.Build.0 = Release|Any CPU
	EndGlobalSection
	GlobalSection(NestedProjects) = preSolution
		{10E0AF9D-A7DB-44CE-B8E6-86406CEBF50D} = {346FD9C6-4C32-4026-A6CB-77583958FA9B}
		{ACC7349D-2E2F-47D5-BF52-75181D96BEE6} = {346FD9C6-4C32-4026-A6CB-77583958FA9B}
		{749EA4D7-B995-4108-ABE5-863D2FEF4B04} = {ACC7349D-2E2F-47D5-BF52-75181D96BEE6}
		{A8DE5018-B7E9-4FAB-B49F-4E8FBCC6E194} = {ACC7349D-2E2F-47D5-BF52-75181D96BEE6}
		{A08D43DA-9BAC-4D97-BA84-544A30E0C52E} = {ACC7349D-2E2F-47D5-BF52-75181D96BEE6}
		{E7D419F7-39B8-4967-9F9A-4FDE89A92622} = {1289E0BB-A02D-4C8D-8A30-92AF2852FFD0}
		{04A596DA-BB22-427C-9B9A-3EA91284D169} = {E7D419F7-39B8-4967-9F9A-4FDE89A92622}
		{8DB00FCD-89E1-40FA-99CA-BC1B86A8BA7E} = {E7D419F7-39B8-4967-9F9A-4FDE89A92622}
		{63BD168B-077D-4D64-B5B4-F30184AD354F} = {346FD9C6-4C32-4026-A6CB-77583958FA9B}
	EndGlobalSection
EndGlobal
