
Microsoft Visual Studio Solution File, Format Version 12.00
# Visual Studio 15
VisualStudioVersion = 15.0.26124.0
MinimumVisualStudioVersion = 15.0.26124.0
Project("{2150E333-8FDC-42A3-9474-1A3956D46DE8}") = "functions", "functions", "{AE197A4F-3828-4018-98D4-AC5441E3B1AD}"
EndProject
Project("{2150E333-8FDC-42A3-9474-1A3956D46DE8}") = "GetNote", "GetNote", "{C11822A5-F923-4E7B-9DF3-08FADD6EAC48}"
EndProject
Project("{2150E333-8FDC-42A3-9474-1A3956D46DE8}") = "src", "src", "{77AD2D38-2EB9-4B1C-8B4C-1FD27C0BF2E8}"
EndProject
Project("{FAE04EC0-301F-11D3-BF4B-00C04F79EFBC}") = "GetNote", "functions\GetNote\src\GetNote\GetNote.csproj", "{0B99F108-2EA1-4D24-988E-C59202F8D4D8}"
EndProject
Project("{2150E333-8FDC-42A3-9474-1A3956D46DE8}") = "test", "test", "{DA540E5A-9E45-40DB-8094-4BFAC9340C5E}"
EndProject
Project("{FAE04EC0-301F-11D3-BF4B-00C04F79EFBC}") = "GetNote.Tests", "functions\GetNote\test\GetNote.Tests\GetNote.Tests.csproj", "{273FE16B-2D01-4CB5-9DA4-E97805BC13CF}"
EndProject
Project("{2150E333-8FDC-42A3-9474-1A3956D46DE8}") = "ListNotes", "ListNotes", "{7EC01396-7A4F-465E-99DA-EE09F2AAD6BB}"
EndProject
Project("{2150E333-8FDC-42A3-9474-1A3956D46DE8}") = "src", "src", "{94D6BAC3-5169-427C-92EB-0DB8E7C2FA5D}"
EndProject
Project("{FAE04EC0-301F-11D3-BF4B-00C04F79EFBC}") = "ListNotes", "functions\ListNotes\src\ListNotes\ListNotes.csproj", "{E77EAB40-E4E5-47BC-8843-C76A1EFF1D78}"
EndProject
Project("{2150E333-8FDC-42A3-9474-1A3956D46DE8}") = "test", "test", "{F443A8F6-F5E7-4F82-ADF9-0351A12815C9}"
EndProject
Project("{FAE04EC0-301F-11D3-BF4B-00C04F79EFBC}") = "ListNotes.Tests", "functions\ListNotes\test\ListNotes.Tests\ListNotes.Tests.csproj", "{78E72124-5847-49FB-9FC5-7385877FA6FC}"
EndProject
Project("{2150E333-8FDC-42A3-9474-1A3956D46DE8}") = "cdk", "cdk", "{32722F4E-77A5-4A6F-8C2F-C375AC8F3C79}"
EndProject
Project("{2150E333-8FDC-42A3-9474-1A3956D46DE8}") = "aws-cdk", "aws-cdk", "{8A74B92D-A309-4D55-B92D-47F13C69BDD9}"
EndProject
Project("{2150E333-8FDC-42A3-9474-1A3956D46DE8}") = "lib", "lib", "{35F0CB1A-A359-4043-8B8E-49ADA62DEB78}"
EndProject
Project("{2150E333-8FDC-42A3-9474-1A3956D46DE8}") = "init-templates", "init-templates", "{5745D3DE-9460-4E0E-88FC-02642748639B}"
EndProject
Project("{2150E333-8FDC-42A3-9474-1A3956D46DE8}") = "v1", "v1", "{1B6F5492-2223-4881-9497-4863E21AD04B}"
EndProject
Project("{2150E333-8FDC-42A3-9474-1A3956D46DE8}") = "app", "app", "{C069E36D-35C0-4676-A91E-F8BA66D7E3C1}"
EndProject
Project("{2150E333-8FDC-42A3-9474-1A3956D46DE8}") = "csharp", "csharp", "{CD3D3E37-5EFE-47D1-BE60-22B3588460DA}"
EndProject
Project("{2150E333-8FDC-42A3-9474-1A3956D46DE8}") = "src", "src", "{FBEC7386-1E90-4EED-8459-2BB4ED806CCF}"
EndProject
Project("{2150E333-8FDC-42A3-9474-1A3956D46DE8}") = "sample-app", "sample-app", "{C7A10CFC-DCB0-479C-8A86-5266EE7770B8}"
EndProject
Project("{2150E333-8FDC-42A3-9474-1A3956D46DE8}") = "csharp", "csharp", "{B0D26435-52D9-4274-9EB5-D1D9D19D4379}"
EndProject
Project("{2150E333-8FDC-42A3-9474-1A3956D46DE8}") = "src", "src", "{11DC1154-645D-4493-A63B-85306BA5563D}"
EndProject
Project("{2150E333-8FDC-42A3-9474-1A3956D46DE8}") = "v2", "v2", "{2FF604C0-2A3A-465B-AB0D-70586D9DB78D}"
EndProject
Project("{2150E333-8FDC-42A3-9474-1A3956D46DE8}") = "app", "app", "{E72DD103-663E-4E75-B2BE-B0DF87E9B607}"
EndProject
Project("{2150E333-8FDC-42A3-9474-1A3956D46DE8}") = "csharp", "csharp", "{F06781FB-767A-4EDD-B4DB-696B5EF58A02}"
EndProject
Project("{2150E333-8FDC-42A3-9474-1A3956D46DE8}") = "src", "src", "{50E50564-899F-4C90-A11B-C7C953307C14}"
EndProject
Project("{2150E333-8FDC-42A3-9474-1A3956D46DE8}") = "sample-app", "sample-app", "{A5AA5000-2D32-41C5-B2C9-D440728CD03A}"
EndProject
Project("{2150E333-8FDC-42A3-9474-1A3956D46DE8}") = "csharp", "csharp", "{B182E824-F1CC-4D39-A6FB-AD9DB2C41A5D}"
EndProject
Project("{2150E333-8FDC-42A3-9474-1A3956D46DE8}") = "src", "src", "{0714D307-D605-4230-A50A-A50487A72B0D}"
EndProject
Project("{2150E333-8FDC-42A3-9474-1A3956D46DE8}") = "src", "src", "{E3A857E0-FF07-4977-99DA-CD6A570B7766}"
EndProject
Project("{FAE04EC0-301F-11D3-BF4B-00C04F79EFBC}") = "LambdaDotnetExample", "src\LambdaDotnetExample\LambdaDotnetExample.csproj", "{1339EA4E-E3E2-4DBC-8703-AFD81728A0AA}"
EndProject
Project("{2150E333-8FDC-42A3-9474-1A3956D46DE8}") = "CreateNote", "CreateNote", "{7B9B818C-584E-4449-BACC-A967A553AFFE}"
EndProject
Project("{2150E333-8FDC-42A3-9474-1A3956D46DE8}") = "src", "src", "{2075DCC2-EEFA-414A-9981-5D536247A227}"
EndProject
Project("{FAE04EC0-301F-11D3-BF4B-00C04F79EFBC}") = "CreateNote", "functions\CreateNote\src\CreateNote\CreateNote.csproj", "{A0E84116-8D9C-4EE6-8C84-D3EE60689E3C}"
EndProject
Project("{2150E333-8FDC-42A3-9474-1A3956D46DE8}") = "test", "test", "{D6940934-F390-4FC1-AC68-89D4F2111A23}"
EndProject
Project("{FAE04EC0-301F-11D3-BF4B-00C04F79EFBC}") = "CreateNote.Tests", "functions\CreateNote\test\CreateNote.Tests\CreateNote.Tests.csproj", "{72614FF8-103E-4A22-8860-63415DC46968}"
EndProject
Global
	GlobalSection(SolutionConfigurationPlatforms) = preSolution
		Debug|Any CPU = Debug|Any CPU
		Debug|x64 = Debug|x64
		Debug|x86 = Debug|x86
		Release|Any CPU = Release|Any CPU
		Release|x64 = Release|x64
		Release|x86 = Release|x86
	EndGlobalSection
	GlobalSection(SolutionProperties) = preSolution
		HideSolutionNode = FALSE
	EndGlobalSection
	GlobalSection(ProjectConfigurationPlatforms) = postSolution
		{0B99F108-2EA1-4D24-988E-C59202F8D4D8}.Debug|Any CPU.ActiveCfg = Debug|Any CPU
		{0B99F108-2EA1-4D24-988E-C59202F8D4D8}.Debug|Any CPU.Build.0 = Debug|Any CPU
		{0B99F108-2EA1-4D24-988E-C59202F8D4D8}.Debug|x64.ActiveCfg = Debug|Any CPU
		{0B99F108-2EA1-4D24-988E-C59202F8D4D8}.Debug|x64.Build.0 = Debug|Any CPU
		{0B99F108-2EA1-4D24-988E-C59202F8D4D8}.Debug|x86.ActiveCfg = Debug|Any CPU
		{0B99F108-2EA1-4D24-988E-C59202F8D4D8}.Debug|x86.Build.0 = Debug|Any CPU
		{0B99F108-2EA1-4D24-988E-C59202F8D4D8}.Release|Any CPU.ActiveCfg = Release|Any CPU
		{0B99F108-2EA1-4D24-988E-C59202F8D4D8}.Release|Any CPU.Build.0 = Release|Any CPU
		{0B99F108-2EA1-4D24-988E-C59202F8D4D8}.Release|x64.ActiveCfg = Release|Any CPU
		{0B99F108-2EA1-4D24-988E-C59202F8D4D8}.Release|x64.Build.0 = Release|Any CPU
		{0B99F108-2EA1-4D24-988E-C59202F8D4D8}.Release|x86.ActiveCfg = Release|Any CPU
		{0B99F108-2EA1-4D24-988E-C59202F8D4D8}.Release|x86.Build.0 = Release|Any CPU
		{273FE16B-2D01-4CB5-9DA4-E97805BC13CF}.Debug|Any CPU.ActiveCfg = Debug|Any CPU
		{273FE16B-2D01-4CB5-9DA4-E97805BC13CF}.Debug|Any CPU.Build.0 = Debug|Any CPU
		{273FE16B-2D01-4CB5-9DA4-E97805BC13CF}.Debug|x64.ActiveCfg = Debug|Any CPU
		{273FE16B-2D01-4CB5-9DA4-E97805BC13CF}.Debug|x64.Build.0 = Debug|Any CPU
		{273FE16B-2D01-4CB5-9DA4-E97805BC13CF}.Debug|x86.ActiveCfg = Debug|Any CPU
		{273FE16B-2D01-4CB5-9DA4-E97805BC13CF}.Debug|x86.Build.0 = Debug|Any CPU
		{273FE16B-2D01-4CB5-9DA4-E97805BC13CF}.Release|Any CPU.ActiveCfg = Release|Any CPU
		{273FE16B-2D01-4CB5-9DA4-E97805BC13CF}.Release|Any CPU.Build.0 = Release|Any CPU
		{273FE16B-2D01-4CB5-9DA4-E97805BC13CF}.Release|x64.ActiveCfg = Release|Any CPU
		{273FE16B-2D01-4CB5-9DA4-E97805BC13CF}.Release|x64.Build.0 = Release|Any CPU
		{273FE16B-2D01-4CB5-9DA4-E97805BC13CF}.Release|x86.ActiveCfg = Release|Any CPU
		{273FE16B-2D01-4CB5-9DA4-E97805BC13CF}.Release|x86.Build.0 = Release|Any CPU
		{E77EAB40-E4E5-47BC-8843-C76A1EFF1D78}.Debug|Any CPU.ActiveCfg = Debug|Any CPU
		{E77EAB40-E4E5-47BC-8843-C76A1EFF1D78}.Debug|Any CPU.Build.0 = Debug|Any CPU
		{E77EAB40-E4E5-47BC-8843-C76A1EFF1D78}.Debug|x64.ActiveCfg = Debug|Any CPU
		{E77EAB40-E4E5-47BC-8843-C76A1EFF1D78}.Debug|x64.Build.0 = Debug|Any CPU
		{E77EAB40-E4E5-47BC-8843-C76A1EFF1D78}.Debug|x86.ActiveCfg = Debug|Any CPU
		{E77EAB40-E4E5-47BC-8843-C76A1EFF1D78}.Debug|x86.Build.0 = Debug|Any CPU
		{E77EAB40-E4E5-47BC-8843-C76A1EFF1D78}.Release|Any CPU.ActiveCfg = Release|Any CPU
		{E77EAB40-E4E5-47BC-8843-C76A1EFF1D78}.Release|Any CPU.Build.0 = Release|Any CPU
		{E77EAB40-E4E5-47BC-8843-C76A1EFF1D78}.Release|x64.ActiveCfg = Release|Any CPU
		{E77EAB40-E4E5-47BC-8843-C76A1EFF1D78}.Release|x64.Build.0 = Release|Any CPU
		{E77EAB40-E4E5-47BC-8843-C76A1EFF1D78}.Release|x86.ActiveCfg = Release|Any CPU
		{E77EAB40-E4E5-47BC-8843-C76A1EFF1D78}.Release|x86.Build.0 = Release|Any CPU
		{78E72124-5847-49FB-9FC5-7385877FA6FC}.Debug|Any CPU.ActiveCfg = Debug|Any CPU
		{78E72124-5847-49FB-9FC5-7385877FA6FC}.Debug|Any CPU.Build.0 = Debug|Any CPU
		{78E72124-5847-49FB-9FC5-7385877FA6FC}.Debug|x64.ActiveCfg = Debug|Any CPU
		{78E72124-5847-49FB-9FC5-7385877FA6FC}.Debug|x64.Build.0 = Debug|Any CPU
		{78E72124-5847-49FB-9FC5-7385877FA6FC}.Debug|x86.ActiveCfg = Debug|Any CPU
		{78E72124-5847-49FB-9FC5-7385877FA6FC}.Debug|x86.Build.0 = Debug|Any CPU
		{78E72124-5847-49FB-9FC5-7385877FA6FC}.Release|Any CPU.ActiveCfg = Release|Any CPU
		{78E72124-5847-49FB-9FC5-7385877FA6FC}.Release|Any CPU.Build.0 = Release|Any CPU
		{78E72124-5847-49FB-9FC5-7385877FA6FC}.Release|x64.ActiveCfg = Release|Any CPU
		{78E72124-5847-49FB-9FC5-7385877FA6FC}.Release|x64.Build.0 = Release|Any CPU
		{78E72124-5847-49FB-9FC5-7385877FA6FC}.Release|x86.ActiveCfg = Release|Any CPU
		{78E72124-5847-49FB-9FC5-7385877FA6FC}.Release|x86.Build.0 = Release|Any CPU
		{CD7ADED7-79A9-40FF-9D4B-96260E97A056}.Debug|Any CPU.ActiveCfg = Debug|Any CPU
		{CD7ADED7-79A9-40FF-9D4B-96260E97A056}.Debug|Any CPU.Build.0 = Debug|Any CPU
		{CD7ADED7-79A9-40FF-9D4B-96260E97A056}.Debug|x64.ActiveCfg = Debug|Any CPU
		{CD7ADED7-79A9-40FF-9D4B-96260E97A056}.Debug|x64.Build.0 = Debug|Any CPU
		{CD7ADED7-79A9-40FF-9D4B-96260E97A056}.Debug|x86.ActiveCfg = Debug|Any CPU
		{CD7ADED7-79A9-40FF-9D4B-96260E97A056}.Debug|x86.Build.0 = Debug|Any CPU
		{CD7ADED7-79A9-40FF-9D4B-96260E97A056}.Release|Any CPU.ActiveCfg = Release|Any CPU
		{CD7ADED7-79A9-40FF-9D4B-96260E97A056}.Release|Any CPU.Build.0 = Release|Any CPU
		{CD7ADED7-79A9-40FF-9D4B-96260E97A056}.Release|x64.ActiveCfg = Release|Any CPU
		{CD7ADED7-79A9-40FF-9D4B-96260E97A056}.Release|x64.Build.0 = Release|Any CPU
		{CD7ADED7-79A9-40FF-9D4B-96260E97A056}.Release|x86.ActiveCfg = Release|Any CPU
		{CD7ADED7-79A9-40FF-9D4B-96260E97A056}.Release|x86.Build.0 = Release|Any CPU
		{4974E0D7-CA37-43B8-A847-6B7639D69C19}.Debug|Any CPU.ActiveCfg = Debug|Any CPU
		{4974E0D7-CA37-43B8-A847-6B7639D69C19}.Debug|Any CPU.Build.0 = Debug|Any CPU
		{4974E0D7-CA37-43B8-A847-6B7639D69C19}.Debug|x64.ActiveCfg = Debug|Any CPU
		{4974E0D7-CA37-43B8-A847-6B7639D69C19}.Debug|x64.Build.0 = Debug|Any CPU
		{4974E0D7-CA37-43B8-A847-6B7639D69C19}.Debug|x86.ActiveCfg = Debug|Any CPU
		{4974E0D7-CA37-43B8-A847-6B7639D69C19}.Debug|x86.Build.0 = Debug|Any CPU
		{4974E0D7-CA37-43B8-A847-6B7639D69C19}.Release|Any CPU.ActiveCfg = Release|Any CPU
		{4974E0D7-CA37-43B8-A847-6B7639D69C19}.Release|Any CPU.Build.0 = Release|Any CPU
		{4974E0D7-CA37-43B8-A847-6B7639D69C19}.Release|x64.ActiveCfg = Release|Any CPU
		{4974E0D7-CA37-43B8-A847-6B7639D69C19}.Release|x64.Build.0 = Release|Any CPU
		{4974E0D7-CA37-43B8-A847-6B7639D69C19}.Release|x86.ActiveCfg = Release|Any CPU
		{4974E0D7-CA37-43B8-A847-6B7639D69C19}.Release|x86.Build.0 = Release|Any CPU
		{C72E8482-EC1D-4643-A89C-7141E45DCE39}.Debug|Any CPU.ActiveCfg = Debug|Any CPU
		{C72E8482-EC1D-4643-A89C-7141E45DCE39}.Debug|Any CPU.Build.0 = Debug|Any CPU
		{C72E8482-EC1D-4643-A89C-7141E45DCE39}.Debug|x64.ActiveCfg = Debug|Any CPU
		{C72E8482-EC1D-4643-A89C-7141E45DCE39}.Debug|x64.Build.0 = Debug|Any CPU
		{C72E8482-EC1D-4643-A89C-7141E45DCE39}.Debug|x86.ActiveCfg = Debug|Any CPU
		{C72E8482-EC1D-4643-A89C-7141E45DCE39}.Debug|x86.Build.0 = Debug|Any CPU
		{C72E8482-EC1D-4643-A89C-7141E45DCE39}.Release|Any CPU.ActiveCfg = Release|Any CPU
		{C72E8482-EC1D-4643-A89C-7141E45DCE39}.Release|Any CPU.Build.0 = Release|Any CPU
		{C72E8482-EC1D-4643-A89C-7141E45DCE39}.Release|x64.ActiveCfg = Release|Any CPU
		{C72E8482-EC1D-4643-A89C-7141E45DCE39}.Release|x64.Build.0 = Release|Any CPU
		{C72E8482-EC1D-4643-A89C-7141E45DCE39}.Release|x86.ActiveCfg = Release|Any CPU
		{C72E8482-EC1D-4643-A89C-7141E45DCE39}.Release|x86.Build.0 = Release|Any CPU
		{32AA9238-5C1B-4FF0-A3A6-8E7E285C6B14}.Debug|Any CPU.ActiveCfg = Debug|Any CPU
		{32AA9238-5C1B-4FF0-A3A6-8E7E285C6B14}.Debug|Any CPU.Build.0 = Debug|Any CPU
		{32AA9238-5C1B-4FF0-A3A6-8E7E285C6B14}.Debug|x64.ActiveCfg = Debug|Any CPU
		{32AA9238-5C1B-4FF0-A3A6-8E7E285C6B14}.Debug|x64.Build.0 = Debug|Any CPU
		{32AA9238-5C1B-4FF0-A3A6-8E7E285C6B14}.Debug|x86.ActiveCfg = Debug|Any CPU
		{32AA9238-5C1B-4FF0-A3A6-8E7E285C6B14}.Debug|x86.Build.0 = Debug|Any CPU
		{32AA9238-5C1B-4FF0-A3A6-8E7E285C6B14}.Release|Any CPU.ActiveCfg = Release|Any CPU
		{32AA9238-5C1B-4FF0-A3A6-8E7E285C6B14}.Release|Any CPU.Build.0 = Release|Any CPU
		{32AA9238-5C1B-4FF0-A3A6-8E7E285C6B14}.Release|x64.ActiveCfg = Release|Any CPU
		{32AA9238-5C1B-4FF0-A3A6-8E7E285C6B14}.Release|x64.Build.0 = Release|Any CPU
		{32AA9238-5C1B-4FF0-A3A6-8E7E285C6B14}.Release|x86.ActiveCfg = Release|Any CPU
		{32AA9238-5C1B-4FF0-A3A6-8E7E285C6B14}.Release|x86.Build.0 = Release|Any CPU
		{1339EA4E-E3E2-4DBC-8703-AFD81728A0AA}.Debug|Any CPU.ActiveCfg = Debug|Any CPU
		{1339EA4E-E3E2-4DBC-8703-AFD81728A0AA}.Debug|Any CPU.Build.0 = Debug|Any CPU
		{1339EA4E-E3E2-4DBC-8703-AFD81728A0AA}.Debug|x64.ActiveCfg = Debug|Any CPU
		{1339EA4E-E3E2-4DBC-8703-AFD81728A0AA}.Debug|x64.Build.0 = Debug|Any CPU
		{1339EA4E-E3E2-4DBC-8703-AFD81728A0AA}.Debug|x86.ActiveCfg = Debug|Any CPU
		{1339EA4E-E3E2-4DBC-8703-AFD81728A0AA}.Debug|x86.Build.0 = Debug|Any CPU
		{1339EA4E-E3E2-4DBC-8703-AFD81728A0AA}.Release|Any CPU.ActiveCfg = Release|Any CPU
		{1339EA4E-E3E2-4DBC-8703-AFD81728A0AA}.Release|Any CPU.Build.0 = Release|Any CPU
		{1339EA4E-E3E2-4DBC-8703-AFD81728A0AA}.Release|x64.ActiveCfg = Release|Any CPU
		{1339EA4E-E3E2-4DBC-8703-AFD81728A0AA}.Release|x64.Build.0 = Release|Any CPU
		{1339EA4E-E3E2-4DBC-8703-AFD81728A0AA}.Release|x86.ActiveCfg = Release|Any CPU
		{1339EA4E-E3E2-4DBC-8703-AFD81728A0AA}.Release|x86.Build.0 = Release|Any CPU
		{A0E84116-8D9C-4EE6-8C84-D3EE60689E3C}.Debug|Any CPU.ActiveCfg = Debug|Any CPU
		{A0E84116-8D9C-4EE6-8C84-D3EE60689E3C}.Debug|Any CPU.Build.0 = Debug|Any CPU
		{A0E84116-8D9C-4EE6-8C84-D3EE60689E3C}.Debug|x64.ActiveCfg = Debug|Any CPU
		{A0E84116-8D9C-4EE6-8C84-D3EE60689E3C}.Debug|x64.Build.0 = Debug|Any CPU
		{A0E84116-8D9C-4EE6-8C84-D3EE60689E3C}.Debug|x86.ActiveCfg = Debug|Any CPU
		{A0E84116-8D9C-4EE6-8C84-D3EE60689E3C}.Debug|x86.Build.0 = Debug|Any CPU
		{A0E84116-8D9C-4EE6-8C84-D3EE60689E3C}.Release|Any CPU.ActiveCfg = Release|Any CPU
		{A0E84116-8D9C-4EE6-8C84-D3EE60689E3C}.Release|Any CPU.Build.0 = Release|Any CPU
		{A0E84116-8D9C-4EE6-8C84-D3EE60689E3C}.Release|x64.ActiveCfg = Release|Any CPU
		{A0E84116-8D9C-4EE6-8C84-D3EE60689E3C}.Release|x64.Build.0 = Release|Any CPU
		{A0E84116-8D9C-4EE6-8C84-D3EE60689E3C}.Release|x86.ActiveCfg = Release|Any CPU
		{A0E84116-8D9C-4EE6-8C84-D3EE60689E3C}.Release|x86.Build.0 = Release|Any CPU
		{72614FF8-103E-4A22-8860-63415DC46968}.Debug|Any CPU.ActiveCfg = Debug|Any CPU
		{72614FF8-103E-4A22-8860-63415DC46968}.Debug|Any CPU.Build.0 = Debug|Any CPU
		{72614FF8-103E-4A22-8860-63415DC46968}.Debug|x64.ActiveCfg = Debug|Any CPU
		{72614FF8-103E-4A22-8860-63415DC46968}.Debug|x64.Build.0 = Debug|Any CPU
		{72614FF8-103E-4A22-8860-63415DC46968}.Debug|x86.ActiveCfg = Debug|Any CPU
		{72614FF8-103E-4A22-8860-63415DC46968}.Debug|x86.Build.0 = Debug|Any CPU
		{72614FF8-103E-4A22-8860-63415DC46968}.Release|Any CPU.ActiveCfg = Release|Any CPU
		{72614FF8-103E-4A22-8860-63415DC46968}.Release|Any CPU.Build.0 = Release|Any CPU
		{72614FF8-103E-4A22-8860-63415DC46968}.Release|x64.ActiveCfg = Release|Any CPU
		{72614FF8-103E-4A22-8860-63415DC46968}.Release|x64.Build.0 = Release|Any CPU
		{72614FF8-103E-4A22-8860-63415DC46968}.Release|x86.ActiveCfg = Release|Any CPU
		{72614FF8-103E-4A22-8860-63415DC46968}.Release|x86.Build.0 = Release|Any CPU
	EndGlobalSection
	GlobalSection(NestedProjects) = preSolution
		{C11822A5-F923-4E7B-9DF3-08FADD6EAC48} = {AE197A4F-3828-4018-98D4-AC5441E3B1AD}
		{77AD2D38-2EB9-4B1C-8B4C-1FD27C0BF2E8} = {C11822A5-F923-4E7B-9DF3-08FADD6EAC48}
		{0B99F108-2EA1-4D24-988E-C59202F8D4D8} = {77AD2D38-2EB9-4B1C-8B4C-1FD27C0BF2E8}
		{DA540E5A-9E45-40DB-8094-4BFAC9340C5E} = {C11822A5-F923-4E7B-9DF3-08FADD6EAC48}
		{273FE16B-2D01-4CB5-9DA4-E97805BC13CF} = {DA540E5A-9E45-40DB-8094-4BFAC9340C5E}
		{7EC01396-7A4F-465E-99DA-EE09F2AAD6BB} = {AE197A4F-3828-4018-98D4-AC5441E3B1AD}
		{94D6BAC3-5169-427C-92EB-0DB8E7C2FA5D} = {7EC01396-7A4F-465E-99DA-EE09F2AAD6BB}
		{E77EAB40-E4E5-47BC-8843-C76A1EFF1D78} = {94D6BAC3-5169-427C-92EB-0DB8E7C2FA5D}
		{F443A8F6-F5E7-4F82-ADF9-0351A12815C9} = {7EC01396-7A4F-465E-99DA-EE09F2AAD6BB}
		{78E72124-5847-49FB-9FC5-7385877FA6FC} = {F443A8F6-F5E7-4F82-ADF9-0351A12815C9}
		{32722F4E-77A5-4A6F-8C2F-C375AC8F3C79} = {A88FDDCE-9F7C-4ED4-BCF7-F3116817C2AF}
		{B217C7D8-9AA4-4714-B88B-F28395F6C32D} = {32722F4E-77A5-4A6F-8C2F-C375AC8F3C79}
		{8A74B92D-A309-4D55-B92D-47F13C69BDD9} = {B217C7D8-9AA4-4714-B88B-F28395F6C32D}
		{35F0CB1A-A359-4043-8B8E-49ADA62DEB78} = {8A74B92D-A309-4D55-B92D-47F13C69BDD9}
		{5745D3DE-9460-4E0E-88FC-02642748639B} = {35F0CB1A-A359-4043-8B8E-49ADA62DEB78}
		{1B6F5492-2223-4881-9497-4863E21AD04B} = {5745D3DE-9460-4E0E-88FC-02642748639B}
		{C069E36D-35C0-4676-A91E-F8BA66D7E3C1} = {1B6F5492-2223-4881-9497-4863E21AD04B}
		{CD3D3E37-5EFE-47D1-BE60-22B3588460DA} = {C069E36D-35C0-4676-A91E-F8BA66D7E3C1}
		{FBEC7386-1E90-4EED-8459-2BB4ED806CCF} = {CD3D3E37-5EFE-47D1-BE60-22B3588460DA}
		{CD7ADED7-79A9-40FF-9D4B-96260E97A056} = {FBEC7386-1E90-4EED-8459-2BB4ED806CCF}
		{C7A10CFC-DCB0-479C-8A86-5266EE7770B8} = {1B6F5492-2223-4881-9497-4863E21AD04B}
		{B0D26435-52D9-4274-9EB5-D1D9D19D4379} = {C7A10CFC-DCB0-479C-8A86-5266EE7770B8}
		{11DC1154-645D-4493-A63B-85306BA5563D} = {B0D26435-52D9-4274-9EB5-D1D9D19D4379}
		{4974E0D7-CA37-43B8-A847-6B7639D69C19} = {11DC1154-645D-4493-A63B-85306BA5563D}
		{2FF604C0-2A3A-465B-AB0D-70586D9DB78D} = {5745D3DE-9460-4E0E-88FC-02642748639B}
		{E72DD103-663E-4E75-B2BE-B0DF87E9B607} = {2FF604C0-2A3A-465B-AB0D-70586D9DB78D}
		{F06781FB-767A-4EDD-B4DB-696B5EF58A02} = {E72DD103-663E-4E75-B2BE-B0DF87E9B607}
		{50E50564-899F-4C90-A11B-C7C953307C14} = {F06781FB-767A-4EDD-B4DB-696B5EF58A02}
		{C72E8482-EC1D-4643-A89C-7141E45DCE39} = {50E50564-899F-4C90-A11B-C7C953307C14}
		{A5AA5000-2D32-41C5-B2C9-D440728CD03A} = {2FF604C0-2A3A-465B-AB0D-70586D9DB78D}
		{B182E824-F1CC-4D39-A6FB-AD9DB2C41A5D} = {A5AA5000-2D32-41C5-B2C9-D440728CD03A}
		{0714D307-D605-4230-A50A-A50487A72B0D} = {B182E824-F1CC-4D39-A6FB-AD9DB2C41A5D}
		{32AA9238-5C1B-4FF0-A3A6-8E7E285C6B14} = {0714D307-D605-4230-A50A-A50487A72B0D}
		{1339EA4E-E3E2-4DBC-8703-AFD81728A0AA} = {E3A857E0-FF07-4977-99DA-CD6A570B7766}
		{7B9B818C-584E-4449-BACC-A967A553AFFE} = {AE197A4F-3828-4018-98D4-AC5441E3B1AD}
		{2075DCC2-EEFA-414A-9981-5D536247A227} = {7B9B818C-584E-4449-BACC-A967A553AFFE}
		{A0E84116-8D9C-4EE6-8C84-D3EE60689E3C} = {2075DCC2-EEFA-414A-9981-5D536247A227}
		{D6940934-F390-4FC1-AC68-89D4F2111A23} = {7B9B818C-584E-4449-BACC-A967A553AFFE}
		{72614FF8-103E-4A22-8860-63415DC46968} = {D6940934-F390-4FC1-AC68-89D4F2111A23}
	EndGlobalSection
EndGlobal
