
Microsoft Visual Studio Solution File, Format Version 12.00
# Visual Studio 15
VisualStudioVersion = 15.0.26124.0
MinimumVisualStudioVersion = 15.0.26124.0
Project("{2150E333-8FDC-42A3-9474-1A3956D46DE8}") = "src", "src", "{6467F932-6D32-4A00-8D82-7101134F6684}"
EndProject
Project("{FAE04EC0-301F-11D3-BF4B-00C04F79EFBC}") = "LambdaDotnetExample", "src\LambdaDotnetExample\LambdaDotnetExample.csproj", "{2739617D-9212-4C25-87CA-2D61B1C64F90}"
EndProject
Project("{2150E333-8FDC-42A3-9474-1A3956D46DE8}") = "functions", "functions", "{8E954E07-9254-4242-9BA2-7297E46219DE}"
EndProject
Project("{2150E333-8FDC-42A3-9474-1A3956D46DE8}") = "CreateNote", "CreateNote", "{BD9D0463-4C31-413D-985B-C126C85EC806}"
EndProject
Project("{2150E333-8FDC-42A3-9474-1A3956D46DE8}") = "src", "src", "{E3C7E7CB-CEA1-428B-B5F7-2D2DDA48B7CD}"
EndProject
Project("{FAE04EC0-301F-11D3-BF4B-00C04F79EFBC}") = "CreateNote", "functions\CreateNote\src\CreateNote\CreateNote.csproj", "{17C1434A-4E30-447C-AAF6-E6A8E7CC7A48}"
EndProject
Project("{2150E333-8FDC-42A3-9474-1A3956D46DE8}") = "ListNotes", "ListNotes", "{EDC220F6-0788-4C5A-92A2-3BFE159A5D04}"
EndProject
Project("{2150E333-8FDC-42A3-9474-1A3956D46DE8}") = "src", "src", "{C77A307B-7179-494A-BD1B-88B7DB36AC9D}"
EndProject
Project("{FAE04EC0-301F-11D3-BF4B-00C04F79EFBC}") = "ListNotes", "functions\ListNotes\src\ListNotes\ListNotes.csproj", "{8B203D3C-B5FB-413C-A5AC-821CF5492D23}"
EndProject
Project("{2150E333-8FDC-42A3-9474-1A3956D46DE8}") = "GetNote", "GetNote", "{95E977BF-B3F6-49DC-8856-6FBA1C47F7E3}"
EndProject
Project("{2150E333-8FDC-42A3-9474-1A3956D46DE8}") = "src", "src", "{18A1CF72-3871-4754-A78E-46271F236DF2}"
EndProject
Project("{FAE04EC0-301F-11D3-BF4B-00C04F79EFBC}") = "GetNote", "functions\GetNote\src\GetNote\GetNote.csproj", "{E665F9D5-99BD-4456-8FFB-4C14CDBF760F}"
EndProject
Global
	GlobalSection(SolutionConfigurationPlatforms) = preSolution
		Debug|Any CPU = Debug|Any CPU
		Debug|x64 = Debug|x64
		Debug|x86 = Debug|x86
		Release|Any CPU = Release|Any CPU
		Release|x64 = Release|x64
		Release|x86 = Release|x86
	EndGlobalSection
	GlobalSection(SolutionProperties) = preSolution
		HideSolutionNode = FALSE
	EndGlobalSection
	GlobalSection(ProjectConfigurationPlatforms) = postSolution
		{2739617D-9212-4C25-87CA-2D61B1C64F90}.Debug|Any CPU.ActiveCfg = Debug|Any CPU
		{2739617D-9212-4C25-87CA-2D61B1C64F90}.Debug|Any CPU.Build.0 = Debug|Any CPU
		{2739617D-9212-4C25-87CA-2D61B1C64F90}.Debug|x64.ActiveCfg = Debug|Any CPU
		{2739617D-9212-4C25-87CA-2D61B1C64F90}.Debug|x64.Build.0 = Debug|Any CPU
		{2739617D-9212-4C25-87CA-2D61B1C64F90}.Debug|x86.ActiveCfg = Debug|Any CPU
		{2739617D-9212-4C25-87CA-2D61B1C64F90}.Debug|x86.Build.0 = Debug|Any CPU
		{2739617D-9212-4C25-87CA-2D61B1C64F90}.Release|Any CPU.ActiveCfg = Release|Any CPU
		{2739617D-9212-4C25-87CA-2D61B1C64F90}.Release|Any CPU.Build.0 = Release|Any CPU
		{2739617D-9212-4C25-87CA-2D61B1C64F90}.Release|x64.ActiveCfg = Release|Any CPU
		{2739617D-9212-4C25-87CA-2D61B1C64F90}.Release|x64.Build.0 = Release|Any CPU
		{2739617D-9212-4C25-87CA-2D61B1C64F90}.Release|x86.ActiveCfg = Release|Any CPU
		{2739617D-9212-4C25-87CA-2D61B1C64F90}.Release|x86.Build.0 = Release|Any CPU
		{17C1434A-4E30-447C-AAF6-E6A8E7CC7A48}.Debug|Any CPU.ActiveCfg = Debug|Any CPU
		{17C1434A-4E30-447C-AAF6-E6A8E7CC7A48}.Debug|Any CPU.Build.0 = Debug|Any CPU
		{17C1434A-4E30-447C-AAF6-E6A8E7CC7A48}.Debug|x64.ActiveCfg = Debug|Any CPU
		{17C1434A-4E30-447C-AAF6-E6A8E7CC7A48}.Debug|x64.Build.0 = Debug|Any CPU
		{17C1434A-4E30-447C-AAF6-E6A8E7CC7A48}.Debug|x86.ActiveCfg = Debug|Any CPU
		{17C1434A-4E30-447C-AAF6-E6A8E7CC7A48}.Debug|x86.Build.0 = Debug|Any CPU
		{17C1434A-4E30-447C-AAF6-E6A8E7CC7A48}.Release|Any CPU.ActiveCfg = Release|Any CPU
		{17C1434A-4E30-447C-AAF6-E6A8E7CC7A48}.Release|Any CPU.Build.0 = Release|Any CPU
		{17C1434A-4E30-447C-AAF6-E6A8E7CC7A48}.Release|x64.ActiveCfg = Release|Any CPU
		{17C1434A-4E30-447C-AAF6-E6A8E7CC7A48}.Release|x64.Build.0 = Release|Any CPU
		{17C1434A-4E30-447C-AAF6-E6A8E7CC7A48}.Release|x86.ActiveCfg = Release|Any CPU
		{17C1434A-4E30-447C-AAF6-E6A8E7CC7A48}.Release|x86.Build.0 = Release|Any CPU
		{8B203D3C-B5FB-413C-A5AC-821CF5492D23}.Debug|Any CPU.ActiveCfg = Debug|Any CPU
		{8B203D3C-B5FB-413C-A5AC-821CF5492D23}.Debug|Any CPU.Build.0 = Debug|Any CPU
		{8B203D3C-B5FB-413C-A5AC-821CF5492D23}.Debug|x64.ActiveCfg = Debug|Any CPU
		{8B203D3C-B5FB-413C-A5AC-821CF5492D23}.Debug|x64.Build.0 = Debug|Any CPU
		{8B203D3C-B5FB-413C-A5AC-821CF5492D23}.Debug|x86.ActiveCfg = Debug|Any CPU
		{8B203D3C-B5FB-413C-A5AC-821CF5492D23}.Debug|x86.Build.0 = Debug|Any CPU
		{8B203D3C-B5FB-413C-A5AC-821CF5492D23}.Release|Any CPU.ActiveCfg = Release|Any CPU
		{8B203D3C-B5FB-413C-A5AC-821CF5492D23}.Release|Any CPU.Build.0 = Release|Any CPU
		{8B203D3C-B5FB-413C-A5AC-821CF5492D23}.Release|x64.ActiveCfg = Release|Any CPU
		{8B203D3C-B5FB-413C-A5AC-821CF5492D23}.Release|x64.Build.0 = Release|Any CPU
		{8B203D3C-B5FB-413C-A5AC-821CF5492D23}.Release|x86.ActiveCfg = Release|Any CPU
		{8B203D3C-B5FB-413C-A5AC-821CF5492D23}.Release|x86.Build.0 = Release|Any CPU
		{E665F9D5-99BD-4456-8FFB-4C14CDBF760F}.Debug|Any CPU.ActiveCfg = Debug|Any CPU
		{E665F9D5-99BD-4456-8FFB-4C14CDBF760F}.Debug|Any CPU.Build.0 = Debug|Any CPU
		{E665F9D5-99BD-4456-8FFB-4C14CDBF760F}.Debug|x64.ActiveCfg = Debug|Any CPU
		{E665F9D5-99BD-4456-8FFB-4C14CDBF760F}.Debug|x64.Build.0 = Debug|Any CPU
		{E665F9D5-99BD-4456-8FFB-4C14CDBF760F}.Debug|x86.ActiveCfg = Debug|Any CPU
		{E665F9D5-99BD-4456-8FFB-4C14CDBF760F}.Debug|x86.Build.0 = Debug|Any CPU
		{E665F9D5-99BD-4456-8FFB-4C14CDBF760F}.Release|Any CPU.ActiveCfg = Release|Any CPU
		{E665F9D5-99BD-4456-8FFB-4C14CDBF760F}.Release|Any CPU.Build.0 = Release|Any CPU
		{E665F9D5-99BD-4456-8FFB-4C14CDBF760F}.Release|x64.ActiveCfg = Release|Any CPU
		{E665F9D5-99BD-4456-8FFB-4C14CDBF760F}.Release|x64.Build.0 = Release|Any CPU
		{E665F9D5-99BD-4456-8FFB-4C14CDBF760F}.Release|x86.ActiveCfg = Release|Any CPU
		{E665F9D5-99BD-4456-8FFB-4C14CDBF760F}.Release|x86.Build.0 = Release|Any CPU
	EndGlobalSection
	GlobalSection(NestedProjects) = preSolution
		{2739617D-9212-4C25-87CA-2D61B1C64F90} = {6467F932-6D32-4A00-8D82-7101134F6684}
		{BD9D0463-4C31-413D-985B-C126C85EC806} = {8E954E07-9254-4242-9BA2-7297E46219DE}
		{E3C7E7CB-CEA1-428B-B5F7-2D2DDA48B7CD} = {BD9D0463-4C31-413D-985B-C126C85EC806}
		{17C1434A-4E30-447C-AAF6-E6A8E7CC7A48} = {E3C7E7CB-CEA1-428B-B5F7-2D2DDA48B7CD}
		{EDC220F6-0788-4C5A-92A2-3BFE159A5D04} = {8E954E07-9254-4242-9BA2-7297E46219DE}
		{C77A307B-7179-494A-BD1B-88B7DB36AC9D} = {EDC220F6-0788-4C5A-92A2-3BFE159A5D04}
		{8B203D3C-B5FB-413C-A5AC-821CF5492D23} = {C77A307B-7179-494A-BD1B-88B7DB36AC9D}
		{95E977BF-B3F6-49DC-8856-6FBA1C47F7E3} = {8E954E07-9254-4242-9BA2-7297E46219DE}
		{18A1CF72-3871-4754-A78E-46271F236DF2} = {95E977BF-B3F6-49DC-8856-6FBA1C47F7E3}
		{E665F9D5-99BD-4456-8FFB-4C14CDBF760F} = {18A1CF72-3871-4754-A78E-46271F236DF2}
	EndGlobalSection
EndGlobal
